
Microsoft Visual Studio Solution File, Format Version 12.00
# Visual Studio Version 16
VisualStudioVersion = 16.0.30011.22
MinimumVisualStudioVersion = 10.0.40219.1
Project("{FAE04EC0-301F-11D3-BF4B-00C04F79EFBC}") = "Barrage", "Barrage\Barrage.csproj", "{DFE5D3E8-19C7-46AB-AB97-B68D24CBC5E7}"
	ProjectSection(ProjectDependencies) = postProject
		{753585FF-4B60-4AE6-AF1D-10D1C582ADDF} = {753585FF-4B60-4AE6-AF1D-10D1C582ADDF}
	EndProjectSection
EndProject
Project("{FAE04EC0-301F-11D3-BF4B-00C04F79EFBC}") = "SPUpdater", "SPUpdater\SPUpdater.csproj", "{753585FF-4B60-4AE6-AF1D-10D1C582ADDF}"
EndProject
Global
	GlobalSection(SolutionConfigurationPlatforms) = preSolution
		Debug|Any CPU = Debug|Any CPU
		Release|Any CPU = Release|Any CPU
	EndGlobalSection
	GlobalSection(ProjectConfigurationPlatforms) = postSolution
		{DFE5D3E8-19C7-46AB-AB97-B68D24CBC5E7}.Debug|Any CPU.ActiveCfg = Debug|Any CPU
		{DFE5D3E8-19C7-46AB-AB97-B68D24CBC5E7}.Debug|Any CPU.Build.0 = Debug|Any CPU
		{DFE5D3E8-19C7-46AB-AB97-B68D24CBC5E7}.Release|Any CPU.ActiveCfg = Release|Any CPU
		{DFE5D3E8-19C7-46AB-AB97-B68D24CBC5E7}.Release|Any CPU.Build.0 = Release|Any CPU
		{753585FF-4B60-4AE6-AF1D-10D1C582ADDF}.Debug|Any CPU.ActiveCfg = Debug|Any CPU
		{753585FF-4B60-4AE6-AF1D-10D1C582ADDF}.Debug|Any CPU.Build.0 = Debug|Any CPU
		{753585FF-4B60-4AE6-AF1D-10D1C582ADDF}.Release|Any CPU.ActiveCfg = Release|Any CPU
		{753585FF-4B60-4AE6-AF1D-10D1C582ADDF}.Release|Any CPU.Build.0 = Release|Any CPU
	EndGlobalSection
	GlobalSection(SolutionProperties) = preSolution
		HideSolutionNode = FALSE
	EndGlobalSection
	GlobalSection(ExtensibilityGlobals) = postSolution
		SolutionGuid = {96A7AEDE-0DF6-4B6A-90BF-344B7BF56D39}
	EndGlobalSection
EndGlobal
